
Microsoft Visual Studio Solution File, Format Version 12.00
# Visual Studio Version 16
VisualStudioVersion = 16.0.29201.188
MinimumVisualStudioVersion = 10.0.40219.1
Project("{FAE04EC0-301F-11D3-BF4B-00C04F79EFBC}") = "task1", "task1.csproj", "{915AF811-EDE1-44CD-ABC6-02D92DE679DA}"
EndProject
Global
	GlobalSection(SolutionConfigurationPlatforms) = preSolution
		Debug|Any CPU = Debug|Any CPU
		Release|Any CPU = Release|Any CPU
	EndGlobalSection
	GlobalSection(ProjectConfigurationPlatforms) = postSolution
		{915AF811-EDE1-44CD-ABC6-02D92DE679DA}.Debug|Any CPU.ActiveCfg = Debug|Any CPU
		{915AF811-EDE1-44CD-ABC6-02D92DE679DA}.Debug|Any CPU.Build.0 = Debug|Any CPU
		{915AF811-EDE1-44CD-ABC6-02D92DE679DA}.Release|Any CPU.ActiveCfg = Release|Any CPU
		{915AF811-EDE1-44CD-ABC6-02D92DE679DA}.Release|Any CPU.Build.0 = Release|Any CPU
	EndGlobalSection
	GlobalSection(SolutionProperties) = preSolution
		HideSolutionNode = FALSE
	EndGlobalSection
	GlobalSection(ExtensibilityGlobals) = postSolution
		SolutionGuid = {6C2F2A29-4643-4CA5-81AA-177EDF0A410E}
	EndGlobalSection
EndGlobal
